
Microsoft Visual Studio Solution File, Format Version 12.00
# Visual Studio Version 16
VisualStudioVersion = 16.0.31112.23
MinimumVisualStudioVersion = 10.0.40219.1
Project("{9A19103F-16F7-4668-BE54-9A1E7A4F7556}") = "The Imitation Game", "The Imitation Game.csproj", "{81544835-4C72-4205-9204-C97EBE241919}"
EndProject
Project("{9A19103F-16F7-4668-BE54-9A1E7A4F7556}") = "02. Ad Astra", "..\02. Ad Astra\02. Ad Astra.csproj", "{D81B4BC3-D8C2-4D79-83B9-0ED1F8130693}"
EndProject
Project("{9A19103F-16F7-4668-BE54-9A1E7A4F7556}") = "03. The Pianist", "..\03. The Pianist\03. The Pianist.csproj", "{5191CA61-42C2-4F63-B92E-148EEE47856A}"
EndProject
Project("{FAE04EC0-301F-11D3-BF4B-00C04F79EFBC}") = "01. Activation Keys", "..\01. Activation Keys\01. Activation Keys.csproj", "{DA538411-1AF3-4A50-8856-EE56BB5EA2C6}"
EndProject
Project("{FAE04EC0-301F-11D3-BF4B-00C04F79EFBC}") = "02. Emoji Detector", "..\02. Emoji Detector\02. Emoji Detector.csproj", "{7FC9F8CA-2044-4E6C-BA0F-C3CC01C12FE1}"
EndProject
Global
	GlobalSection(SolutionConfigurationPlatforms) = preSolution
		Debug|Any CPU = Debug|Any CPU
		Release|Any CPU = Release|Any CPU
	EndGlobalSection
	GlobalSection(ProjectConfigurationPlatforms) = postSolution
		{81544835-4C72-4205-9204-C97EBE241919}.Debug|Any CPU.ActiveCfg = Debug|Any CPU
		{81544835-4C72-4205-9204-C97EBE241919}.Debug|Any CPU.Build.0 = Debug|Any CPU
		{81544835-4C72-4205-9204-C97EBE241919}.Release|Any CPU.ActiveCfg = Release|Any CPU
		{81544835-4C72-4205-9204-C97EBE241919}.Release|Any CPU.Build.0 = Release|Any CPU
		{D81B4BC3-D8C2-4D79-83B9-0ED1F8130693}.Debug|Any CPU.ActiveCfg = Debug|Any CPU
		{D81B4BC3-D8C2-4D79-83B9-0ED1F8130693}.Debug|Any CPU.Build.0 = Debug|Any CPU
		{D81B4BC3-D8C2-4D79-83B9-0ED1F8130693}.Release|Any CPU.ActiveCfg = Release|Any CPU
		{D81B4BC3-D8C2-4D79-83B9-0ED1F8130693}.Release|Any CPU.Build.0 = Release|Any CPU
		{5191CA61-42C2-4F63-B92E-148EEE47856A}.Debug|Any CPU.ActiveCfg = Debug|Any CPU
		{5191CA61-42C2-4F63-B92E-148EEE47856A}.Debug|Any CPU.Build.0 = Debug|Any CPU
		{5191CA61-42C2-4F63-B92E-148EEE47856A}.Release|Any CPU.ActiveCfg = Release|Any CPU
		{5191CA61-42C2-4F63-B92E-148EEE47856A}.Release|Any CPU.Build.0 = Release|Any CPU
		{DA538411-1AF3-4A50-8856-EE56BB5EA2C6}.Debug|Any CPU.ActiveCfg = Debug|Any CPU
		{DA538411-1AF3-4A50-8856-EE56BB5EA2C6}.Debug|Any CPU.Build.0 = Debug|Any CPU
		{DA538411-1AF3-4A50-8856-EE56BB5EA2C6}.Release|Any CPU.ActiveCfg = Release|Any CPU
		{DA538411-1AF3-4A50-8856-EE56BB5EA2C6}.Release|Any CPU.Build.0 = Release|Any CPU
		{7FC9F8CA-2044-4E6C-BA0F-C3CC01C12FE1}.Debug|Any CPU.ActiveCfg = Debug|Any CPU
		{7FC9F8CA-2044-4E6C-BA0F-C3CC01C12FE1}.Debug|Any CPU.Build.0 = Debug|Any CPU
		{7FC9F8CA-2044-4E6C-BA0F-C3CC01C12FE1}.Release|Any CPU.ActiveCfg = Release|Any CPU
		{7FC9F8CA-2044-4E6C-BA0F-C3CC01C12FE1}.Release|Any CPU.Build.0 = Release|Any CPU
	EndGlobalSection
	GlobalSection(SolutionProperties) = preSolution
		HideSolutionNode = FALSE
	EndGlobalSection
	GlobalSection(ExtensibilityGlobals) = postSolution
		SolutionGuid = {91DDB304-8880-4C47-A68B-C92049E4EF48}
	EndGlobalSection
EndGlobal
